// !$*UTF8*$!
{
	archiveVersion = 1;
	classes = {
	};
	objectVersion = 50;
	objects = {

/* Begin PBXBuildFile section */
		F2469521236CAE0C00A4A0C1 /* GameOfLifeLogic.swift in Sources */ = {isa = PBXBuildFile; fileRef = F2469520236CAE0C00A4A0C1 /* GameOfLifeLogic.swift */; };
		F280D814236B730500DED4D2 /* CellNode.swift in Sources */ = {isa = PBXBuildFile; fileRef = F280D813236B730500DED4D2 /* CellNode.swift */; };
		F2C26797236B5DB300CFAE37 /* AppDelegate.swift in Sources */ = {isa = PBXBuildFile; fileRef = F2C26796236B5DB300CFAE37 /* AppDelegate.swift */; };
		F2C26799236B5DB300CFAE37 /* art.scnassets in Resources */ = {isa = PBXBuildFile; fileRef = F2C26798236B5DB300CFAE37 /* art.scnassets */; };
		F2C2679B236B5DB300CFAE37 /* GameViewController.swift in Sources */ = {isa = PBXBuildFile; fileRef = F2C2679A236B5DB300CFAE37 /* GameViewController.swift */; };
		F2C2679E236B5DB300CFAE37 /* Main.storyboard in Resources */ = {isa = PBXBuildFile; fileRef = F2C2679C236B5DB300CFAE37 /* Main.storyboard */; };
		F2C267A0236B5DB400CFAE37 /* Assets.xcassets in Resources */ = {isa = PBXBuildFile; fileRef = F2C2679F236B5DB400CFAE37 /* Assets.xcassets */; };
		F2C267A3236B5DB400CFAE37 /* LaunchScreen.storyboard in Resources */ = {isa = PBXBuildFile; fileRef = F2C267A1236B5DB400CFAE37 /* LaunchScreen.storyboard */; };
		F2C267AC236B6B0B00CFAE37 /* GameOfLifeScene.swift in Sources */ = {isa = PBXBuildFile; fileRef = F2C267AB236B6B0B00CFAE37 /* GameOfLifeScene.swift */; };
/* End PBXBuildFile section */

/* Begin PBXFileReference section */
		F2469520236CAE0C00A4A0C1 /* GameOfLifeLogic.swift */ = {isa = PBXFileReference; lastKnownFileType = sourcecode.swift; path = GameOfLifeLogic.swift; sourceTree = "<group>"; };
		F280D813236B730500DED4D2 /* CellNode.swift */ = {isa = PBXFileReference; fileEncoding = 4; lastKnownFileType = sourcecode.swift; path = CellNode.swift; sourceTree = "<group>"; };
		F2C26793236B5DB300CFAE37 /* Game Of Life.app */ = {isa = PBXFileReference; explicitFileType = wrapper.application; includeInIndex = 0; path = "Game Of Life.app"; sourceTree = BUILT_PRODUCTS_DIR; };
		F2C26796236B5DB300CFAE37 /* AppDelegate.swift */ = {isa = PBXFileReference; lastKnownFileType = sourcecode.swift; path = AppDelegate.swift; sourceTree = "<group>"; };
		F2C26798236B5DB300CFAE37 /* art.scnassets */ = {isa = PBXFileReference; lastKnownFileType = wrapper.scnassets; path = art.scnassets; sourceTree = "<group>"; };
		F2C2679A236B5DB300CFAE37 /* GameViewController.swift */ = {isa = PBXFileReference; lastKnownFileType = sourcecode.swift; path = GameViewController.swift; sourceTree = "<group>"; };
		F2C2679D236B5DB300CFAE37 /* Base */ = {isa = PBXFileReference; lastKnownFileType = file.storyboard; name = Base; path = Base.lproj/Main.storyboard; sourceTree = "<group>"; };
		F2C2679F236B5DB400CFAE37 /* Assets.xcassets */ = {isa = PBXFileReference; lastKnownFileType = folder.assetcatalog; path = Assets.xcassets; sourceTree = "<group>"; };
		F2C267A2236B5DB400CFAE37 /* Base */ = {isa = PBXFileReference; lastKnownFileType = file.storyboard; name = Base; path = Base.lproj/LaunchScreen.storyboard; sourceTree = "<group>"; };
		F2C267A4236B5DB400CFAE37 /* Info.plist */ = {isa = PBXFileReference; lastKnownFileType = text.plist.xml; path = Info.plist; sourceTree = "<group>"; };
		F2C267AB236B6B0B00CFAE37 /* GameOfLifeScene.swift */ = {isa = PBXFileReference; fileEncoding = 4; lastKnownFileType = sourcecode.swift; path = GameOfLifeScene.swift; sourceTree = "<group>"; };
/* End PBXFileReference section */

/* Begin PBXFrameworksBuildPhase section */
		F2C26790236B5DB300CFAE37 /* Frameworks */ = {
			isa = PBXFrameworksBuildPhase;
			buildActionMask = 2147483647;
			files = (
			);
			runOnlyForDeploymentPostprocessing = 0;
		};
/* End PBXFrameworksBuildPhase section */

/* Begin PBXGroup section */
		F280D812236B72D900DED4D2 /* Subclasses */ = {
			isa = PBXGroup;
			children = (
				F2C26796236B5DB300CFAE37 /* AppDelegate.swift */,
				F2C267AB236B6B0B00CFAE37 /* GameOfLifeScene.swift */,
				F280D813236B730500DED4D2 /* CellNode.swift */,
				F2469520236CAE0C00A4A0C1 /* GameOfLifeLogic.swift */,
			);
			path = Subclasses;
			sourceTree = "<group>";
		};
		F2C2678A236B5DB300CFAE37 = {
			isa = PBXGroup;
			children = (
				F2C26795236B5DB300CFAE37 /* Game Of Life */,
				F2C26794236B5DB300CFAE37 /* Products */,
			);
			sourceTree = "<group>";
		};
		F2C26794236B5DB300CFAE37 /* Products */ = {
			isa = PBXGroup;
			children = (
				F2C26793236B5DB300CFAE37 /* Game Of Life.app */,
			);
			name = Products;
			sourceTree = "<group>";
		};
		F2C26795236B5DB300CFAE37 /* Game Of Life */ = {
			isa = PBXGroup;
			children = (
				F2C267AD236B6B1300CFAE37 /* Controllers */,
				F2C267AE236B6B2600CFAE37 /* Views */,
				F280D812236B72D900DED4D2 /* Subclasses */,
				F2C2679F236B5DB400CFAE37 /* Assets.xcassets */,
				F2C26798236B5DB300CFAE37 /* art.scnassets */,
				F2C267A4236B5DB400CFAE37 /* Info.plist */,
			);
			path = "Game Of Life";
			sourceTree = "<group>";
		};
		F2C267AD236B6B1300CFAE37 /* Controllers */ = {
			isa = PBXGroup;
			children = (
				F2C2679A236B5DB300CFAE37 /* GameViewController.swift */,
			);
			path = Controllers;
			sourceTree = "<group>";
		};
		F2C267AE236B6B2600CFAE37 /* Views */ = {
			isa = PBXGroup;
			children = (
				F2C2679C236B5DB300CFAE37 /* Main.storyboard */,
				F2C267A1236B5DB400CFAE37 /* LaunchScreen.storyboard */,
			);
			path = Views;
			sourceTree = "<group>";
		};
/* End PBXGroup section */

/* Begin PBXNativeTarget section */
		F2C26792236B5DB300CFAE37 /* Game Of Life */ = {
			isa = PBXNativeTarget;
			buildConfigurationList = F2C267A7236B5DB400CFAE37 /* Build configuration list for PBXNativeTarget "Game Of Life" */;
			buildPhases = (
				F2C2678F236B5DB300CFAE37 /* Sources */,
				F2C26790236B5DB300CFAE37 /* Frameworks */,
				F2C26791236B5DB300CFAE37 /* Resources */,
				F2C267AA236B5F8D00CFAE37 /* Run SwiftLint Script */,
			);
			buildRules = (
			);
			dependencies = (
			);
			name = "Game Of Life";
			productName = "Game Of Life";
			productReference = F2C26793236B5DB300CFAE37 /* Game Of Life.app */;
			productType = "com.apple.product-type.application";
		};
/* End PBXNativeTarget section */

/* Begin PBXProject section */
		F2C2678B236B5DB300CFAE37 /* Project object */ = {
			isa = PBXProject;
			attributes = {
				LastSwiftUpdateCheck = 1110;
				LastUpgradeCheck = 1110;
				ORGANIZATIONNAME = "Rafael Galdino";
				TargetAttributes = {
					F2C26792236B5DB300CFAE37 = {
						CreatedOnToolsVersion = 11.1;
					};
				};
			};
			buildConfigurationList = F2C2678E236B5DB300CFAE37 /* Build configuration list for PBXProject "Game Of Life" */;
			compatibilityVersion = "Xcode 9.3";
			developmentRegion = en;
			hasScannedForEncodings = 0;
			knownRegions = (
				en,
				Base,
			);
			mainGroup = F2C2678A236B5DB300CFAE37;
			productRefGroup = F2C26794236B5DB300CFAE37 /* Products */;
			projectDirPath = "";
			projectRoot = "";
			targets = (
				F2C26792236B5DB300CFAE37 /* Game Of Life */,
			);
		};
/* End PBXProject section */

/* Begin PBXResourcesBuildPhase section */
		F2C26791236B5DB300CFAE37 /* Resources */ = {
			isa = PBXResourcesBuildPhase;
			buildActionMask = 2147483647;
			files = (
				F2C26799236B5DB300CFAE37 /* art.scnassets in Resources */,
				F2C267A3236B5DB400CFAE37 /* LaunchScreen.storyboard in Resources */,
				F2C267A0236B5DB400CFAE37 /* Assets.xcassets in Resources */,
				F2C2679E236B5DB300CFAE37 /* Main.storyboard in Resources */,
			);
			runOnlyForDeploymentPostprocessing = 0;
		};
/* End PBXResourcesBuildPhase section */

/* Begin PBXShellScriptBuildPhase section */
		F2C267AA236B5F8D00CFAE37 /* Run SwiftLint Script */ = {
			isa = PBXShellScriptBuildPhase;
			buildActionMask = 2147483647;
			files = (
			);
			inputFileListPaths = (
			);
			inputPaths = (
			);
			name = "Run SwiftLint Script";
			outputFileListPaths = (
			);
			outputPaths = (
			);
			runOnlyForDeploymentPostprocessing = 0;
			shellPath = /bin/sh;
			shellScript = "if which swiftlint >/dev/null; then\nswiftlint\nelse\necho \"warning: SwiftLint not installed, download from https://github.com/realm/SwiftLint\"\nfi\n";
		};
/* End PBXShellScriptBuildPhase section */

/* Begin PBXSourcesBuildPhase section */
		F2C2678F236B5DB300CFAE37 /* Sources */ = {
			isa = PBXSourcesBuildPhase;
			buildActionMask = 2147483647;
			files = (
				F2C2679B236B5DB300CFAE37 /* GameViewController.swift in Sources */,
				F280D814236B730500DED4D2 /* CellNode.swift in Sources */,
				F2C26797236B5DB300CFAE37 /* AppDelegate.swift in Sources */,
				F2469521236CAE0C00A4A0C1 /* GameOfLifeLogic.swift in Sources */,
				F2C267AC236B6B0B00CFAE37 /* GameOfLifeScene.swift in Sources */,
			);
			runOnlyForDeploymentPostprocessing = 0;
		};
/* End PBXSourcesBuildPhase section */

/* Begin PBXVariantGroup section */
		F2C2679C236B5DB300CFAE37 /* Main.storyboard */ = {
			isa = PBXVariantGroup;
			children = (
				F2C2679D236B5DB300CFAE37 /* Base */,
			);
			name = Main.storyboard;
			sourceTree = "<group>";
		};
		F2C267A1236B5DB400CFAE37 /* LaunchScreen.storyboard */ = {
			isa = PBXVariantGroup;
			children = (
				F2C267A2236B5DB400CFAE37 /* Base */,
			);
			name = LaunchScreen.storyboard;
			sourceTree = "<group>";
		};
/* End PBXVariantGroup section */

/* Begin XCBuildConfiguration section */
		F2C267A5236B5DB400CFAE37 /* Debug */ = {
			isa = XCBuildConfiguration;
			buildSettings = {
				ALWAYS_SEARCH_USER_PATHS = NO;
				CLANG_ANALYZER_NONNULL = YES;
				CLANG_ANALYZER_NUMBER_OBJECT_CONVERSION = YES_AGGRESSIVE;
				CLANG_CXX_LANGUAGE_STANDARD = "gnu++14";
				CLANG_CXX_LIBRARY = "libc++";
				CLANG_ENABLE_MODULES = YES;
				CLANG_ENABLE_OBJC_ARC = YES;
				CLANG_ENABLE_OBJC_WEAK = YES;
				CLANG_WARN_BLOCK_CAPTURE_AUTORELEASING = YES;
				CLANG_WARN_BOOL_CONVERSION = YES;
				CLANG_WARN_COMMA = YES;
				CLANG_WARN_CONSTANT_CONVERSION = YES;
				CLANG_WARN_DEPRECATED_OBJC_IMPLEMENTATIONS = YES;
				CLANG_WARN_DIRECT_OBJC_ISA_USAGE = YES_ERROR;
				CLANG_WARN_DOCUMENTATION_COMMENTS = YES;
				CLANG_WARN_EMPTY_BODY = YES;
				CLANG_WARN_ENUM_CONVERSION = YES;
				CLANG_WARN_INFINITE_RECURSION = YES;
				CLANG_WARN_INT_CONVERSION = YES;
				CLANG_WARN_NON_LITERAL_NULL_CONVERSION = YES;
				CLANG_WARN_OBJC_IMPLICIT_RETAIN_SELF = YES;
				CLANG_WARN_OBJC_LITERAL_CONVERSION = YES;
				CLANG_WARN_OBJC_ROOT_CLASS = YES_ERROR;
				CLANG_WARN_RANGE_LOOP_ANALYSIS = YES;
				CLANG_WARN_STRICT_PROTOTYPES = YES;
				CLANG_WARN_SUSPICIOUS_MOVE = YES;
				CLANG_WARN_UNGUARDED_AVAILABILITY = YES_AGGRESSIVE;
				CLANG_WARN_UNREACHABLE_CODE = YES;
				CLANG_WARN__DUPLICATE_METHOD_MATCH = YES;
				COPY_PHASE_STRIP = NO;
				DEBUG_INFORMATION_FORMAT = dwarf;
				ENABLE_STRICT_OBJC_MSGSEND = YES;
				ENABLE_TESTABILITY = YES;
				GCC_C_LANGUAGE_STANDARD = gnu11;
				GCC_DYNAMIC_NO_PIC = NO;
				GCC_NO_COMMON_BLOCKS = YES;
				GCC_OPTIMIZATION_LEVEL = 0;
				GCC_PREPROCESSOR_DEFINITIONS = (
					"DEBUG=1",
					"$(inherited)",
				);
				GCC_WARN_64_TO_32_BIT_CONVERSION = YES;
				GCC_WARN_ABOUT_RETURN_TYPE = YES_ERROR;
				GCC_WARN_UNDECLARED_SELECTOR = YES;
				GCC_WARN_UNINITIALIZED_AUTOS = YES_AGGRESSIVE;
				GCC_WARN_UNUSED_FUNCTION = YES;
				GCC_WARN_UNUSED_VARIABLE = YES;
				IPHONEOS_DEPLOYMENT_TARGET = 13.1;
				MTL_ENABLE_DEBUG_INFO = INCLUDE_SOURCE;
				MTL_FAST_MATH = YES;
				ONLY_ACTIVE_ARCH = YES;
				SDKROOT = iphoneos;
				SWIFT_ACTIVE_COMPILATION_CONDITIONS = DEBUG;
				SWIFT_OPTIMIZATION_LEVEL = "-Onone";
			};
			name = Debug;
		};
		F2C267A6236B5DB400CFAE37 /* Release */ = {
			isa = XCBuildConfiguration;
			buildSettings = {
				ALWAYS_SEARCH_USER_PATHS = NO;
				CLANG_ANALYZER_NONNULL = YES;
				CLANG_ANALYZER_NUMBER_OBJECT_CONVERSION = YES_AGGRESSIVE;
				CLANG_CXX_LANGUAGE_STANDARD = "gnu++14";
				CLANG_CXX_LIBRARY = "libc++";
				CLANG_ENABLE_MODULES = YES;
				CLANG_ENABLE_OBJC_ARC = YES;
				CLANG_ENABLE_OBJC_WEAK = YES;
				CLANG_WARN_BLOCK_CAPTURE_AUTORELEASING = YES;
				CLANG_WARN_BOOL_CONVERSION = YES;
				CLANG_WARN_COMMA = YES;
				CLANG_WARN_CONSTANT_CONVERSION = YES;
				CLANG_WARN_DEPRECATED_OBJC_IMPLEMENTATIONS = YES;
				CLANG_WARN_DIRECT_OBJC_ISA_USAGE = YES_ERROR;
				CLANG_WARN_DOCUMENTATION_COMMENTS = YES;
				CLANG_WARN_EMPTY_BODY = YES;
				CLANG_WARN_ENUM_CONVERSION = YES;
				CLANG_WARN_INFINITE_RECURSION = YES;
				CLANG_WARN_INT_CONVERSION = YES;
				CLANG_WARN_NON_LITERAL_NULL_CONVERSION = YES;
				CLANG_WARN_OBJC_IMPLICIT_RETAIN_SELF = YES;
				CLANG_WARN_OBJC_LITERAL_CONVERSION = YES;
				CLANG_WARN_OBJC_ROOT_CLASS = YES_ERROR;
				CLANG_WARN_RANGE_LOOP_ANALYSIS = YES;
				CLANG_WARN_STRICT_PROTOTYPES = YES;
				CLANG_WARN_SUSPICIOUS_MOVE = YES;
				CLANG_WARN_UNGUARDED_AVAILABILITY = YES_AGGRESSIVE;
				CLANG_WARN_UNREACHABLE_CODE = YES;
				CLANG_WARN__DUPLICATE_METHOD_MATCH = YES;
				COPY_PHASE_STRIP = NO;
				DEBUG_INFORMATION_FORMAT = "dwarf-with-dsym";
				ENABLE_NS_ASSERTIONS = NO;
				ENABLE_STRICT_OBJC_MSGSEND = YES;
				GCC_C_LANGUAGE_STANDARD = gnu11;
				GCC_NO_COMMON_BLOCKS = YES;
				GCC_WARN_64_TO_32_BIT_CONVERSION = YES;
				GCC_WARN_ABOUT_RETURN_TYPE = YES_ERROR;
				GCC_WARN_UNDECLARED_SELECTOR = YES;
				GCC_WARN_UNINITIALIZED_AUTOS = YES_AGGRESSIVE;
				GCC_WARN_UNUSED_FUNCTION = YES;
				GCC_WARN_UNUSED_VARIABLE = YES;
				IPHONEOS_DEPLOYMENT_TARGET = 13.1;
				MTL_ENABLE_DEBUG_INFO = NO;
				MTL_FAST_MATH = YES;
				SDKROOT = iphoneos;
				SWIFT_COMPILATION_MODE = wholemodule;
				SWIFT_OPTIMIZATION_LEVEL = "-O";
				VALIDATE_PRODUCT = YES;
			};
			name = Release;
		};
		F2C267A8236B5DB400CFAE37 /* Debug */ = {
			isa = XCBuildConfiguration;
			buildSettings = {
				ASSETCATALOG_COMPILER_APPICON_NAME = AppIcon;
				CODE_SIGN_STYLE = Automatic;
				DEVELOPMENT_TEAM = RAZG7U3SR6;
				INFOPLIST_FILE = "Game Of Life/Info.plist";
				LD_RUNPATH_SEARCH_PATHS = (
					"$(inherited)",
					"@executable_path/Frameworks",
				);
				PRODUCT_BUNDLE_IDENTIFIER = "com.galdineris.Game-Of-Life";
				PRODUCT_NAME = "$(TARGET_NAME)";
				SWIFT_VERSION = 5.0;
				TARGETED_DEVICE_FAMILY = "1,2";
			};
			name = Debug;
		};
		F2C267A9236B5DB400CFAE37 /* Release */ = {
			isa = XCBuildConfiguration;
			buildSettings = {
				ASSETCATALOG_COMPILER_APPICON_NAME = AppIcon;
				CODE_SIGN_STYLE = Automatic;
				DEVELOPMENT_TEAM = RAZG7U3SR6;
				INFOPLIST_FILE = "Game Of Life/Info.plist";
				LD_RUNPATH_SEARCH_PATHS = (
					"$(inherited)",
					"@executable_path/Frameworks",
				);
				PRODUCT_BUNDLE_IDENTIFIER = "com.galdineris.Game-Of-Life";
				PRODUCT_NAME = "$(TARGET_NAME)";
				SWIFT_VERSION = 5.0;
				TARGETED_DEVICE_FAMILY = "1,2";
			};
			name = Release;
		};
/* End XCBuildConfiguration section */

/* Begin XCConfigurationList section */
		F2C2678E236B5DB300CFAE37 /* Build configuration list for PBXProject "Game Of Life" */ = {
			isa = XCConfigurationList;
			buildConfigurations = (
				F2C267A5236B5DB400CFAE37 /* Debug */,
				F2C267A6236B5DB400CFAE37 /* Release */,
			);
			defaultConfigurationIsVisible = 0;
			defaultConfigurationName = Release;
		};
		F2C267A7236B5DB400CFAE37 /* Build configuration list for PBXNativeTarget "Game Of Life" */ = {
			isa = XCConfigurationList;
			buildConfigurations = (
				F2C267A8236B5DB400CFAE37 /* Debug */,
				F2C267A9236B5DB400CFAE37 /* Release */,
			);
			defaultConfigurationIsVisible = 0;
			defaultConfigurationName = Release;
		};
/* End XCConfigurationList section */
	};
	rootObject = F2C2678B236B5DB300CFAE37 /* Project object */;
}
